
Microsoft Visual Studio Solution File, Format Version 12.00
# Visual Studio Version 16
VisualStudioVersion = 16.0.30309.148
MinimumVisualStudioVersion = 10.0.40219.1
Project("{FAE04EC0-301F-11D3-BF4B-00C04F79EFBC}") = "Radar7d2d", "Radar7d2d\Radar7d2d.csproj", "{47FA04AF-591B-49EC-B679-67996920673E}"
EndProject
Global
	GlobalSection(SolutionConfigurationPlatforms) = preSolution
		Debug|Any CPU = Debug|Any CPU
		Release|Any CPU = Release|Any CPU
	EndGlobalSection
	GlobalSection(ProjectConfigurationPlatforms) = postSolution
		{47FA04AF-591B-49EC-B679-67996920673E}.Debug|Any CPU.ActiveCfg = Debug|Any CPU
		{47FA04AF-591B-49EC-B679-67996920673E}.Debug|Any CPU.Build.0 = Debug|Any CPU
		{47FA04AF-591B-49EC-B679-67996920673E}.Release|Any CPU.ActiveCfg = Release|Any CPU
		{47FA04AF-591B-49EC-B679-67996920673E}.Release|Any CPU.Build.0 = Release|Any CPU
	EndGlobalSection
	GlobalSection(SolutionProperties) = preSolution
		HideSolutionNode = FALSE
	EndGlobalSection
	GlobalSection(ExtensibilityGlobals) = postSolution
		SolutionGuid = {FB2501FB-84B8-4C54-A6EB-0FE61DF855C6}
	EndGlobalSection
EndGlobal
